
Microsoft Visual Studio Solution File, Format Version 12.00
# Visual Studio Version 16
VisualStudioVersion = 16.0.32002.261
MinimumVisualStudioVersion = 10.0.40219.1
Project("{FAE04EC0-301F-11D3-BF4B-00C04F79EFBC}") = "ConsoleApp1", "ConsoleApp1\ConsoleApp1.csproj", "{B21E8167-7BC3-4288-861E-5311C3821E1E}"
EndProject
Global
	GlobalSection(SolutionConfigurationPlatforms) = preSolution
		Debug|Any CPU = Debug|Any CPU
		Release|Any CPU = Release|Any CPU
	EndGlobalSection
	GlobalSection(ProjectConfigurationPlatforms) = postSolution
		{B21E8167-7BC3-4288-861E-5311C3821E1E}.Debug|Any CPU.ActiveCfg = Debug|Any CPU
		{B21E8167-7BC3-4288-861E-5311C3821E1E}.Debug|Any CPU.Build.0 = Debug|Any CPU
		{B21E8167-7BC3-4288-861E-5311C3821E1E}.Release|Any CPU.ActiveCfg = Release|Any CPU
		{B21E8167-7BC3-4288-861E-5311C3821E1E}.Release|Any CPU.Build.0 = Release|Any CPU
	EndGlobalSection
	GlobalSection(SolutionProperties) = preSolution
		HideSolutionNode = FALSE
	EndGlobalSection
	GlobalSection(ExtensibilityGlobals) = postSolution
		SolutionGuid = {C1B46B0B-17FD-452C-BAE2-08BE4D26298A}
	EndGlobalSection
EndGlobal
