
Microsoft Visual Studio Solution File, Format Version 12.00
# Visual Studio Version 16
VisualStudioVersion = 16.0.32002.261
MinimumVisualStudioVersion = 10.0.40219.1
Project("{FAE04EC0-301F-11D3-BF4B-00C04F79EFBC}") = "ConsoleApp4", "ConsoleApp4\ConsoleApp4.csproj", "{B800458D-0032-4D9C-885E-BC37AA802FBD}"
EndProject
Global
	GlobalSection(SolutionConfigurationPlatforms) = preSolution
		Debug|Any CPU = Debug|Any CPU
		Release|Any CPU = Release|Any CPU
	EndGlobalSection
	GlobalSection(ProjectConfigurationPlatforms) = postSolution
		{B800458D-0032-4D9C-885E-BC37AA802FBD}.Debug|Any CPU.ActiveCfg = Debug|Any CPU
		{B800458D-0032-4D9C-885E-BC37AA802FBD}.Debug|Any CPU.Build.0 = Debug|Any CPU
		{B800458D-0032-4D9C-885E-BC37AA802FBD}.Release|Any CPU.ActiveCfg = Release|Any CPU
		{B800458D-0032-4D9C-885E-BC37AA802FBD}.Release|Any CPU.Build.0 = Release|Any CPU
	EndGlobalSection
	GlobalSection(SolutionProperties) = preSolution
		HideSolutionNode = FALSE
	EndGlobalSection
	GlobalSection(ExtensibilityGlobals) = postSolution
		SolutionGuid = {285D3F18-7CE6-49BF-9273-BB78AB666852}
	EndGlobalSection
EndGlobal
