
Microsoft Visual Studio Solution File, Format Version 12.00
# Visual Studio Version 16
VisualStudioVersion = 16.0.32002.261
MinimumVisualStudioVersion = 10.0.40219.1
Project("{FAE04EC0-301F-11D3-BF4B-00C04F79EFBC}") = "InfoLab1", "InfoLab1\InfoLab1.csproj", "{CDB43199-269A-4070-AD63-843D81AA90C9}"
EndProject
Global
	GlobalSection(SolutionConfigurationPlatforms) = preSolution
		Debug|Any CPU = Debug|Any CPU
		Release|Any CPU = Release|Any CPU
	EndGlobalSection
	GlobalSection(ProjectConfigurationPlatforms) = postSolution
		{CDB43199-269A-4070-AD63-843D81AA90C9}.Debug|Any CPU.ActiveCfg = Debug|Any CPU
		{CDB43199-269A-4070-AD63-843D81AA90C9}.Debug|Any CPU.Build.0 = Debug|Any CPU
		{CDB43199-269A-4070-AD63-843D81AA90C9}.Release|Any CPU.ActiveCfg = Release|Any CPU
		{CDB43199-269A-4070-AD63-843D81AA90C9}.Release|Any CPU.Build.0 = Release|Any CPU
	EndGlobalSection
	GlobalSection(SolutionProperties) = preSolution
		HideSolutionNode = FALSE
	EndGlobalSection
	GlobalSection(ExtensibilityGlobals) = postSolution
		SolutionGuid = {FFF4F1A0-902B-46A7-BFDB-CA84529FAA8F}
	EndGlobalSection
EndGlobal
